{
  "name": "watches",
  "version": "1.0.0",
  "lockfileVersion": 3,
  "requires": true,
  "packages": {
    "": {
      "name": "watches",
      "version": "1.0.0",
      "license": "ISC",
      "dependencies": {
        "nanoid": "^6.0.1",
        "random": "^5.5.1"
      }
    },
    "node_modules/nanoid": {
      "version": "6.0.1",
      "resolved": "https://registry.npmjs.org/nanoid/-/nanoid-6.0.1.tgz",
      "integrity": "sha512-3wVS3i51pE2pi1k5FFL/95BGfVS0kSsvDVuGXHOtxox/TywUmtgq+3qiTOTbs9J7KfHaXPiN171k/A6dBnaXFw==",
      "funding": [
        {
          "type": "github",
          "url": "https://github.com/sponsors/ai"
        }
      ],
      "license": "MIT",
      "bin": {
        "nanoid": "bin/nanoid.js"
      },
      "engines": {
        "node": "^22 || ^24 || >=26"
      }
    },
    "node_modules/random": {
      "version": "5.5.1",
      "resolved": "https://registry.npmjs.org/random/-/random-5.5.1.tgz",
      "integrity": "sha512-2TIJKf/BGjy0FGeZaan2+a/vq37afbSyscquADMFC13KBjFmg+10T/TkACpP9GMHfbEruKYbHqq0rjCA9x8gNA==",
      "license": "MIT",
      "engines": {
        "node": ">=20"
      }
    }
  }
}
